
Microsoft Visual Studio Solution File, Format Version 12.00
# Visual Studio 15
VisualStudioVersion = 15.0.27703.2026
MinimumVisualStudioVersion = 10.0.40219.1
Project("{FAE04EC0-301F-11D3-BF4B-00C04F79EFBC}") = "NAA.DbAccess", "NAA.DbAccess\NAA.DbAccess.csproj", "{988816E7-048B-43F1-9746-2A5AA521455C}"
EndProject
Project("{FAE04EC0-301F-11D3-BF4B-00C04F79EFBC}") = "NAA.Web", "NAA.Web\NAA.Web.csproj", "{AC5A67B8-22E6-4678-91FE-7E942859F42A}"
EndProject
Project("{FAE04EC0-301F-11D3-BF4B-00C04F79EFBC}") = "Naa.Shared", "Naa.Shared\Naa.Shared.csproj", "{F37173E7-97B0-4724-A070-185F247454DC}"
EndProject
Project("{FAE04EC0-301F-11D3-BF4B-00C04F79EFBC}") = "NAA.Service", "NAA.Service\NAA.Service.csproj", "{16258728-2506-4A00-A437-BF64FD583A2E}"
EndProject
Global
	GlobalSection(SolutionConfigurationPlatforms) = preSolution
		Debug|Any CPU = Debug|Any CPU
		Release|Any CPU = Release|Any CPU
	EndGlobalSection
	GlobalSection(ProjectConfigurationPlatforms) = postSolution
		{988816E7-048B-43F1-9746-2A5AA521455C}.Debug|Any CPU.ActiveCfg = Debug|Any CPU
		{988816E7-048B-43F1-9746-2A5AA521455C}.Debug|Any CPU.Build.0 = Debug|Any CPU
		{988816E7-048B-43F1-9746-2A5AA521455C}.Release|Any CPU.ActiveCfg = Release|Any CPU
		{988816E7-048B-43F1-9746-2A5AA521455C}.Release|Any CPU.Build.0 = Release|Any CPU
		{AC5A67B8-22E6-4678-91FE-7E942859F42A}.Debug|Any CPU.ActiveCfg = Debug|Any CPU
		{AC5A67B8-22E6-4678-91FE-7E942859F42A}.Debug|Any CPU.Build.0 = Debug|Any CPU
		{AC5A67B8-22E6-4678-91FE-7E942859F42A}.Release|Any CPU.ActiveCfg = Release|Any CPU
		{AC5A67B8-22E6-4678-91FE-7E942859F42A}.Release|Any CPU.Build.0 = Release|Any CPU
		{F37173E7-97B0-4724-A070-185F247454DC}.Debug|Any CPU.ActiveCfg = Debug|Any CPU
		{F37173E7-97B0-4724-A070-185F247454DC}.Debug|Any CPU.Build.0 = Debug|Any CPU
		{F37173E7-97B0-4724-A070-185F247454DC}.Release|Any CPU.ActiveCfg = Release|Any CPU
		{F37173E7-97B0-4724-A070-185F247454DC}.Release|Any CPU.Build.0 = Release|Any CPU
		{16258728-2506-4A00-A437-BF64FD583A2E}.Debug|Any CPU.ActiveCfg = Debug|Any CPU
		{16258728-2506-4A00-A437-BF64FD583A2E}.Debug|Any CPU.Build.0 = Debug|Any CPU
		{16258728-2506-4A00-A437-BF64FD583A2E}.Release|Any CPU.ActiveCfg = Release|Any CPU
		{16258728-2506-4A00-A437-BF64FD583A2E}.Release|Any CPU.Build.0 = Release|Any CPU
	EndGlobalSection
	GlobalSection(SolutionProperties) = preSolution
		HideSolutionNode = FALSE
	EndGlobalSection
	GlobalSection(ExtensibilityGlobals) = postSolution
		SolutionGuid = {A1F93472-EC1D-4B4E-A92E-A151D57ECCEF}
	EndGlobalSection
EndGlobal
